
Microsoft Visual Studio Solution File, Format Version 12.00
# Visual Studio Version 17
VisualStudioVersion = 17.9.34728.123
MinimumVisualStudioVersion = 10.0.40219.1
Project("{FAE04EC0-301F-11D3-BF4B-00C04F79EFBC}") = "IP Manager", "IP Manager.csproj", "{0AD74006-6C8D-4E33-A6FE-144532FC586F}"
EndProject
Global
	GlobalSection(SolutionConfigurationPlatforms) = preSolution
		Debug|Any CPU = Debug|Any CPU
		Release|Any CPU = Release|Any CPU
	EndGlobalSection
	GlobalSection(ProjectConfigurationPlatforms) = postSolution
		{0AD74006-6C8D-4E33-A6FE-144532FC586F}.Debug|Any CPU.ActiveCfg = Debug|Any CPU
		{0AD74006-6C8D-4E33-A6FE-144532FC586F}.Debug|Any CPU.Build.0 = Debug|Any CPU
		{0AD74006-6C8D-4E33-A6FE-144532FC586F}.Release|Any CPU.ActiveCfg = Release|Any CPU
		{0AD74006-6C8D-4E33-A6FE-144532FC586F}.Release|Any CPU.Build.0 = Release|Any CPU
	EndGlobalSection
	GlobalSection(SolutionProperties) = preSolution
		HideSolutionNode = FALSE
	EndGlobalSection
	GlobalSection(ExtensibilityGlobals) = postSolution
		SolutionGuid = {F8554334-4DB7-43FF-8858-BCE1B60B0FC0}
	EndGlobalSection
EndGlobal
